
Microsoft Visual Studio Solution File, Format Version 12.00
# Visual Studio Version 16
VisualStudioVersion = 16.0.31515.178
MinimumVisualStudioVersion = 10.0.40219.1
Project("{FAE04EC0-301F-11D3-BF4B-00C04F79EFBC}") = "AppATM", "AppATM\AppATM.csproj", "{81B100B8-537A-41F9-8CCF-D0DE22FCC5AB}"
EndProject
Project("{FAE04EC0-301F-11D3-BF4B-00C04F79EFBC}") = "AppATM.DAL", "AppATM.DAL\AppATM.DAL.csproj", "{046C9BEA-3403-4D6B-941A-8A9D37C3B6AF}"
EndProject
Project("{FAE04EC0-301F-11D3-BF4B-00C04F79EFBC}") = "AppATM.BAL", "AppATM.BAL\AppATM.BAL.csproj", "{41A10DFF-9E17-45D3-9739-EE2E689D08B1}"
EndProject
Global
	GlobalSection(SolutionConfigurationPlatforms) = preSolution
		Debug|Any CPU = Debug|Any CPU
		Release|Any CPU = Release|Any CPU
	EndGlobalSection
	GlobalSection(ProjectConfigurationPlatforms) = postSolution
		{81B100B8-537A-41F9-8CCF-D0DE22FCC5AB}.Debug|Any CPU.ActiveCfg = Debug|Any CPU
		{81B100B8-537A-41F9-8CCF-D0DE22FCC5AB}.Debug|Any CPU.Build.0 = Debug|Any CPU
		{81B100B8-537A-41F9-8CCF-D0DE22FCC5AB}.Release|Any CPU.ActiveCfg = Release|Any CPU
		{81B100B8-537A-41F9-8CCF-D0DE22FCC5AB}.Release|Any CPU.Build.0 = Release|Any CPU
		{046C9BEA-3403-4D6B-941A-8A9D37C3B6AF}.Debug|Any CPU.ActiveCfg = Debug|Any CPU
		{046C9BEA-3403-4D6B-941A-8A9D37C3B6AF}.Debug|Any CPU.Build.0 = Debug|Any CPU
		{046C9BEA-3403-4D6B-941A-8A9D37C3B6AF}.Release|Any CPU.ActiveCfg = Release|Any CPU
		{046C9BEA-3403-4D6B-941A-8A9D37C3B6AF}.Release|Any CPU.Build.0 = Release|Any CPU
		{41A10DFF-9E17-45D3-9739-EE2E689D08B1}.Debug|Any CPU.ActiveCfg = Debug|Any CPU
		{41A10DFF-9E17-45D3-9739-EE2E689D08B1}.Debug|Any CPU.Build.0 = Debug|Any CPU
		{41A10DFF-9E17-45D3-9739-EE2E689D08B1}.Release|Any CPU.ActiveCfg = Release|Any CPU
		{41A10DFF-9E17-45D3-9739-EE2E689D08B1}.Release|Any CPU.Build.0 = Release|Any CPU
	EndGlobalSection
	GlobalSection(SolutionProperties) = preSolution
		HideSolutionNode = FALSE
	EndGlobalSection
	GlobalSection(ExtensibilityGlobals) = postSolution
		SolutionGuid = {B47ECD2D-5242-4846-BB03-C2B6EEF78930}
	EndGlobalSection
EndGlobal
